<?xml version="1.0" encoding="utf-8"?>
<Project ToolsVersion="4.0" xmlns="http://schemas.microsoft.com/developer/msbuild/2003">
  <ItemGroup>
    <Filter Include="Header Files">
      <UniqueIdentifier>{93995380-89BD-4b04-88EB-625FBE52EBFB}</UniqueIdentifier>
      <Extensions>h;hh;hpp;hxx;hm;inl;inc;xsd</Extensions>
    </Filter>
    <Filter Include="src">
      <UniqueIdentifier>{1cda5f25-97a2-4c5a-bf4c-7ca07608f2a5}</UniqueIdentifier>
    </Filter>
  </ItemGroup>
  <ItemGroup>
    <None Include="FurnaceController.ino" />
    <None Include="README.md" />
  </ItemGroup>
  <ItemGroup>
    <ClInclude Include="__vm\.FurnaceController.vsarduino.h">
      <Filter>Header Files</Filter>
    </ClInclude>
    <ClInclude Include="stddef.h">
      <Filter>Header Files</Filter>
    </ClInclude>
    <ClInclude Include="DS1302.h">
      <Filter>Header Files</Filter>
    </ClInclude>
    <ClInclude Include="DateTime.h">
      <Filter>Header Files</Filter>
    </ClInclude>
    <ClInclude Include="FiringProgram.h">
      <Filter>Header Files</Filter>
    </ClInclude>
    <ClInclude Include="ProgramBlock.h">
      <Filter>Header Files</Filter>
    </ClInclude>
    <ClInclude Include="PredefinedPrograms.h">
      <Filter>Header Files</Filter>
    </ClInclude>
    <ClInclude Include="Automaton.h">
      <Filter>Header Files</Filter>
    </ClInclude>
    <ClInclude Include="Button.h">
      <Filter>Header Files</Filter>
    </ClInclude>
    <ClInclude Include="Definitions.h">
      <Filter>Header Files</Filter>
    </ClInclude>
    <ClInclude Include="Action.h">
      <Filter>Header Files</Filter>
    </ClInclude>
    <ClInclude Include="ScreenType.h">
      <Filter>Header Files</Filter>
    </ClInclude>
    <ClInclude Include="Node.h">
      <Filter>Header Files</Filter>
    </ClInclude>
  </ItemGroup>
  <ItemGroup>
    <ClCompile Include="DS1302.cpp" />
    <ClCompile Include="DateTime.cpp" />
    <ClCompile Include="FirigProgram.cpp" />
    <ClCompile Include="ProgramBlock.cpp" />
    <ClCompile Include="Extensions.h" />
  </ItemGroup>
</Project>